
Microsoft Visual Studio Solution File, Format Version 12.00
# Visual Studio Version 17
VisualStudioVersion = 17.8.34004.107
MinimumVisualStudioVersion = 10.0.40219.1
Project("{9A19103F-16F7-4668-BE54-9A1E7A4F7556}") = "ppedv.CarRentalXPress.Model", "ppedv.CarRentalXPress.Model\ppedv.CarRentalXPress.Model.csproj", "{2DC8EE37-D4D1-488D-A011-6E09B82DA945}"
EndProject
Project("{9A19103F-16F7-4668-BE54-9A1E7A4F7556}") = "ppedv.CarRentalXPress.Data.EfCore", "ppedv.CarRentalXPress.Data.EfCore\ppedv.CarRentalXPress.Data.EfCore.csproj", "{16570AB2-F9E2-495A-B52F-17596F4DAFAD}"
EndProject
Project("{9A19103F-16F7-4668-BE54-9A1E7A4F7556}") = "ppedv.CarRentalXPress.Data.EfCore.Tests", "ppedv.CarRentalXPress.Data.EfCore.Tests\ppedv.CarRentalXPress.Data.EfCore.Tests.csproj", "{910026B7-6FAC-4161-B659-DB2BD4ED09C5}"
EndProject
Project("{FAE04EC0-301F-11D3-BF4B-00C04F79EFBC}") = "ppedv.CarRentalXPress.Core", "ppedv.CarRentalXPress.Core\ppedv.CarRentalXPress.Core.csproj", "{DCDD8C2E-6C2A-473C-8201-8C7BCAB23389}"
EndProject
Project("{FAE04EC0-301F-11D3-BF4B-00C04F79EFBC}") = "ppedv.CarRentalXPress.Core.Tests", "ppedv.CarRentalXPress.Core.Tests\ppedv.CarRentalXPress.Core.Tests.csproj", "{9CF8A2B8-D28C-44DE-B045-1C344D1A551A}"
EndProject
Project("{FAE04EC0-301F-11D3-BF4B-00C04F79EFBC}") = "ppedv.CarRentalXPress.UI.DevConsole", "ppedv.CarRentalXPress.UI.DevConsole\ppedv.CarRentalXPress.UI.DevConsole.csproj", "{95D07359-824C-4BE0-983E-CE126FE76764}"
EndProject
Project("{FAE04EC0-301F-11D3-BF4B-00C04F79EFBC}") = "ppedv.CarRentalXPress.UI.Desktop", "ppedv.CarRentalXPress.UI.Desktop\ppedv.CarRentalXPress.UI.Desktop.csproj", "{3863DE6C-0A0A-4297-A794-AF1CD504A0CC}"
EndProject
Global
	GlobalSection(SolutionConfigurationPlatforms) = preSolution
		Debug|Any CPU = Debug|Any CPU
		Release|Any CPU = Release|Any CPU
	EndGlobalSection
	GlobalSection(ProjectConfigurationPlatforms) = postSolution
		{2DC8EE37-D4D1-488D-A011-6E09B82DA945}.Debug|Any CPU.ActiveCfg = Debug|Any CPU
		{2DC8EE37-D4D1-488D-A011-6E09B82DA945}.Debug|Any CPU.Build.0 = Debug|Any CPU
		{2DC8EE37-D4D1-488D-A011-6E09B82DA945}.Release|Any CPU.ActiveCfg = Release|Any CPU
		{2DC8EE37-D4D1-488D-A011-6E09B82DA945}.Release|Any CPU.Build.0 = Release|Any CPU
		{16570AB2-F9E2-495A-B52F-17596F4DAFAD}.Debug|Any CPU.ActiveCfg = Debug|Any CPU
		{16570AB2-F9E2-495A-B52F-17596F4DAFAD}.Debug|Any CPU.Build.0 = Debug|Any CPU
		{16570AB2-F9E2-495A-B52F-17596F4DAFAD}.Release|Any CPU.ActiveCfg = Release|Any CPU
		{16570AB2-F9E2-495A-B52F-17596F4DAFAD}.Release|Any CPU.Build.0 = Release|Any CPU
		{910026B7-6FAC-4161-B659-DB2BD4ED09C5}.Debug|Any CPU.ActiveCfg = Debug|Any CPU
		{910026B7-6FAC-4161-B659-DB2BD4ED09C5}.Debug|Any CPU.Build.0 = Debug|Any CPU
		{910026B7-6FAC-4161-B659-DB2BD4ED09C5}.Release|Any CPU.ActiveCfg = Release|Any CPU
		{910026B7-6FAC-4161-B659-DB2BD4ED09C5}.Release|Any CPU.Build.0 = Release|Any CPU
		{DCDD8C2E-6C2A-473C-8201-8C7BCAB23389}.Debug|Any CPU.ActiveCfg = Debug|Any CPU
		{DCDD8C2E-6C2A-473C-8201-8C7BCAB23389}.Debug|Any CPU.Build.0 = Debug|Any CPU
		{DCDD8C2E-6C2A-473C-8201-8C7BCAB23389}.Release|Any CPU.ActiveCfg = Release|Any CPU
		{DCDD8C2E-6C2A-473C-8201-8C7BCAB23389}.Release|Any CPU.Build.0 = Release|Any CPU
		{9CF8A2B8-D28C-44DE-B045-1C344D1A551A}.Debug|Any CPU.ActiveCfg = Debug|Any CPU
		{9CF8A2B8-D28C-44DE-B045-1C344D1A551A}.Debug|Any CPU.Build.0 = Debug|Any CPU
		{9CF8A2B8-D28C-44DE-B045-1C344D1A551A}.Release|Any CPU.ActiveCfg = Release|Any CPU
		{9CF8A2B8-D28C-44DE-B045-1C344D1A551A}.Release|Any CPU.Build.0 = Release|Any CPU
		{95D07359-824C-4BE0-983E-CE126FE76764}.Debug|Any CPU.ActiveCfg = Debug|Any CPU
		{95D07359-824C-4BE0-983E-CE126FE76764}.Debug|Any CPU.Build.0 = Debug|Any CPU
		{95D07359-824C-4BE0-983E-CE126FE76764}.Release|Any CPU.ActiveCfg = Release|Any CPU
		{95D07359-824C-4BE0-983E-CE126FE76764}.Release|Any CPU.Build.0 = Release|Any CPU
		{3863DE6C-0A0A-4297-A794-AF1CD504A0CC}.Debug|Any CPU.ActiveCfg = Debug|Any CPU
		{3863DE6C-0A0A-4297-A794-AF1CD504A0CC}.Debug|Any CPU.Build.0 = Debug|Any CPU
		{3863DE6C-0A0A-4297-A794-AF1CD504A0CC}.Release|Any CPU.ActiveCfg = Release|Any CPU
		{3863DE6C-0A0A-4297-A794-AF1CD504A0CC}.Release|Any CPU.Build.0 = Release|Any CPU
	EndGlobalSection
	GlobalSection(SolutionProperties) = preSolution
		HideSolutionNode = FALSE
	EndGlobalSection
	GlobalSection(ExtensibilityGlobals) = postSolution
		SolutionGuid = {ECE31351-936E-4317-9744-E7CA77A0A182}
	EndGlobalSection
EndGlobal
