
Microsoft Visual Studio Solution File, Format Version 12.00
# Visual Studio Version 17
VisualStudioVersion = 17.8.34004.107
MinimumVisualStudioVersion = 10.0.40219.1
Project("{FAE04EC0-301F-11D3-BF4B-00C04F79EFBC}") = "WinFormsCustomControl", "WinFormsCustomControl\WinFormsCustomControl.csproj", "{700F2074-D45C-4F81-B509-AD447CB757D4}"
EndProject
Global
	GlobalSection(SolutionConfigurationPlatforms) = preSolution
		Debug|Any CPU = Debug|Any CPU
		Release|Any CPU = Release|Any CPU
	EndGlobalSection
	GlobalSection(ProjectConfigurationPlatforms) = postSolution
		{700F2074-D45C-4F81-B509-AD447CB757D4}.Debug|Any CPU.ActiveCfg = Debug|Any CPU
		{700F2074-D45C-4F81-B509-AD447CB757D4}.Debug|Any CPU.Build.0 = Debug|Any CPU
		{700F2074-D45C-4F81-B509-AD447CB757D4}.Release|Any CPU.ActiveCfg = Release|Any CPU
		{700F2074-D45C-4F81-B509-AD447CB757D4}.Release|Any CPU.Build.0 = Release|Any CPU
	EndGlobalSection
	GlobalSection(SolutionProperties) = preSolution
		HideSolutionNode = FALSE
	EndGlobalSection
	GlobalSection(ExtensibilityGlobals) = postSolution
		SolutionGuid = {4CD7A36A-7A64-4DEA-998A-6BC1AA4EC721}
	EndGlobalSection
EndGlobal
